
Microsoft Visual Studio Solution File, Format Version 12.00
# Visual Studio Version 17
VisualStudioVersion = 17.13.35913.81 d17.13
MinimumVisualStudioVersion = 10.0.40219.1
Project("{FAE04EC0-301F-11D3-BF4B-00C04F79EFBC}") = "TaskList-DS", "TaskList-DS\TaskList-DS.csproj", "{95B962CB-9185-4FBB-A02F-B81298FC470B}"
EndProject
Project("{FAE04EC0-301F-11D3-BF4B-00C04F79EFBC}") = "TaskList-Frontend", "TaskList-Frontend\TaskList-Frontend.csproj", "{C0DC3C2A-7E0D-48F9-8D10-40A0EA51FB62}"
EndProject
Global
	GlobalSection(SolutionConfigurationPlatforms) = preSolution
		Debug|Any CPU = Debug|Any CPU
		Release|Any CPU = Release|Any CPU
	EndGlobalSection
	GlobalSection(ProjectConfigurationPlatforms) = postSolution
		{95B962CB-9185-4FBB-A02F-B81298FC470B}.Debug|Any CPU.ActiveCfg = Debug|Any CPU
		{95B962CB-9185-4FBB-A02F-B81298FC470B}.Debug|Any CPU.Build.0 = Debug|Any CPU
		{95B962CB-9185-4FBB-A02F-B81298FC470B}.Release|Any CPU.ActiveCfg = Release|Any CPU
		{95B962CB-9185-4FBB-A02F-B81298FC470B}.Release|Any CPU.Build.0 = Release|Any CPU
		{C0DC3C2A-7E0D-48F9-8D10-40A0EA51FB62}.Debug|Any CPU.ActiveCfg = Debug|Any CPU
		{C0DC3C2A-7E0D-48F9-8D10-40A0EA51FB62}.Debug|Any CPU.Build.0 = Debug|Any CPU
		{C0DC3C2A-7E0D-48F9-8D10-40A0EA51FB62}.Release|Any CPU.ActiveCfg = Release|Any CPU
		{C0DC3C2A-7E0D-48F9-8D10-40A0EA51FB62}.Release|Any CPU.Build.0 = Release|Any CPU
	EndGlobalSection
	GlobalSection(SolutionProperties) = preSolution
		HideSolutionNode = FALSE
	EndGlobalSection
	GlobalSection(ExtensibilityGlobals) = postSolution
		SolutionGuid = {02DAA13A-CD37-4B24-9D8B-C961DC3709A7}
	EndGlobalSection
EndGlobal
